
Microsoft Visual Studio Solution File, Format Version 12.00
# Visual Studio Version 17
VisualStudioVersion = 17.0.31903.59
MinimumVisualStudioVersion = 10.0.40219.1
Project("{FAE04EC0-301F-11D3-BF4B-00C04F79EFBC}") = "consoleApp", "consoleApp\consoleApp.csproj", "{CFDE2D48-7AC8-43FA-80D0-F1092E775DE2}"
EndProject
Global
	GlobalSection(SolutionConfigurationPlatforms) = preSolution
		Debug|Any CPU = Debug|Any CPU
		Release|Any CPU = Release|Any CPU
	EndGlobalSection
	GlobalSection(SolutionProperties) = preSolution
		HideSolutionNode = FALSE
	EndGlobalSection
	GlobalSection(ProjectConfigurationPlatforms) = postSolution
		{CFDE2D48-7AC8-43FA-80D0-F1092E775DE2}.Debug|Any CPU.ActiveCfg = Debug|Any CPU
		{CFDE2D48-7AC8-43FA-80D0-F1092E775DE2}.Debug|Any CPU.Build.0 = Debug|Any CPU
		{CFDE2D48-7AC8-43FA-80D0-F1092E775DE2}.Release|Any CPU.ActiveCfg = Release|Any CPU
		{CFDE2D48-7AC8-43FA-80D0-F1092E775DE2}.Release|Any CPU.Build.0 = Release|Any CPU
	EndGlobalSection
EndGlobal
